// !$*UTF8*$!
{
	archiveVersion = 1;
	classes = {
	};
	objectVersion = 50;
	objects = {

/* Begin PBXBuildFile section */
		4F707B2C22FBE76C003A22B0 /* AppDelegate.m in Sources */ = {isa = PBXBuildFile; fileRef = 4F707B2B22FBE76C003A22B0 /* AppDelegate.m */; };
		4F707B2F22FBE76C003A22B0 /* ViewController.m in Sources */ = {isa = PBXBuildFile; fileRef = 4F707B2E22FBE76C003A22B0 /* ViewController.m */; };
		4F707B3222FBE76C003A22B0 /* Main.storyboard in Resources */ = {isa = PBXBuildFile; fileRef = 4F707B3022FBE76C003A22B0 /* Main.storyboard */; };
		4F707B3422FBE76D003A22B0 /* Assets.xcassets in Resources */ = {isa = PBXBuildFile; fileRef = 4F707B3322FBE76D003A22B0 /* Assets.xcassets */; };
		4F707B3722FBE76D003A22B0 /* LaunchScreen.storyboard in Resources */ = {isa = PBXBuildFile; fileRef = 4F707B3522FBE76D003A22B0 /* LaunchScreen.storyboard */; };
		4F707B3A22FBE76D003A22B0 /* main.m in Sources */ = {isa = PBXBuildFile; fileRef = 4F707B3922FBE76D003A22B0 /* main.m */; };
		4F707B4422FBE76D003A22B0 /* BJNewsTextToSpeechTests.m in Sources */ = {isa = PBXBuildFile; fileRef = 4F707B4322FBE76D003A22B0 /* BJNewsTextToSpeechTests.m */; };
		4F707B4F22FBE76D003A22B0 /* BJNewsTextToSpeechUITests.m in Sources */ = {isa = PBXBuildFile; fileRef = 4F707B4E22FBE76D003A22B0 /* BJNewsTextToSpeechUITests.m */; };
		4F707B5E22FBE792003A22B0 /* JD_Speech.framework in Frameworks */ = {isa = PBXBuildFile; fileRef = 4F707B5D22FBE792003A22B0 /* JD_Speech.framework */; };
/* End PBXBuildFile section */

/* Begin PBXContainerItemProxy section */
		4F707B4022FBE76D003A22B0 /* PBXContainerItemProxy */ = {
			isa = PBXContainerItemProxy;
			containerPortal = 4F707B1F22FBE76C003A22B0 /* Project object */;
			proxyType = 1;
			remoteGlobalIDString = 4F707B2622FBE76C003A22B0;
			remoteInfo = BJNewsTextToSpeech;
		};
		4F707B4B22FBE76D003A22B0 /* PBXContainerItemProxy */ = {
			isa = PBXContainerItemProxy;
			containerPortal = 4F707B1F22FBE76C003A22B0 /* Project object */;
			proxyType = 1;
			remoteGlobalIDString = 4F707B2622FBE76C003A22B0;
			remoteInfo = BJNewsTextToSpeech;
		};
/* End PBXContainerItemProxy section */

/* Begin PBXFileReference section */
		4F707B2722FBE76C003A22B0 /* BJNewsTextToSpeech.app */ = {isa = PBXFileReference; explicitFileType = wrapper.application; includeInIndex = 0; path = BJNewsTextToSpeech.app; sourceTree = BUILT_PRODUCTS_DIR; };
		4F707B2A22FBE76C003A22B0 /* AppDelegate.h */ = {isa = PBXFileReference; lastKnownFileType = sourcecode.c.h; path = AppDelegate.h; sourceTree = "<group>"; };
		4F707B2B22FBE76C003A22B0 /* AppDelegate.m */ = {isa = PBXFileReference; lastKnownFileType = sourcecode.c.objc; path = AppDelegate.m; sourceTree = "<group>"; };
		4F707B2D22FBE76C003A22B0 /* ViewController.h */ = {isa = PBXFileReference; lastKnownFileType = sourcecode.c.h; path = ViewController.h; sourceTree = "<group>"; };
		4F707B2E22FBE76C003A22B0 /* ViewController.m */ = {isa = PBXFileReference; lastKnownFileType = sourcecode.c.objc; path = ViewController.m; sourceTree = "<group>"; };
		4F707B3122FBE76C003A22B0 /* Base */ = {isa = PBXFileReference; lastKnownFileType = file.storyboard; name = Base; path = Base.lproj/Main.storyboard; sourceTree = "<group>"; };
		4F707B3322FBE76D003A22B0 /* Assets.xcassets */ = {isa = PBXFileReference; lastKnownFileType = folder.assetcatalog; path = Assets.xcassets; sourceTree = "<group>"; };
		4F707B3622FBE76D003A22B0 /* Base */ = {isa = PBXFileReference; lastKnownFileType = file.storyboard; name = Base; path = Base.lproj/LaunchScreen.storyboard; sourceTree = "<group>"; };
		4F707B3822FBE76D003A22B0 /* Info.plist */ = {isa = PBXFileReference; lastKnownFileType = text.plist.xml; path = Info.plist; sourceTree = "<group>"; };
		4F707B3922FBE76D003A22B0 /* main.m */ = {isa = PBXFileReference; lastKnownFileType = sourcecode.c.objc; path = main.m; sourceTree = "<group>"; };
		4F707B3F22FBE76D003A22B0 /* BJNewsTextToSpeechTests.xctest */ = {isa = PBXFileReference; explicitFileType = wrapper.cfbundle; includeInIndex = 0; path = BJNewsTextToSpeechTests.xctest; sourceTree = BUILT_PRODUCTS_DIR; };
		4F707B4322FBE76D003A22B0 /* BJNewsTextToSpeechTests.m */ = {isa = PBXFileReference; lastKnownFileType = sourcecode.c.objc; path = BJNewsTextToSpeechTests.m; sourceTree = "<group>"; };
		4F707B4522FBE76D003A22B0 /* Info.plist */ = {isa = PBXFileReference; lastKnownFileType = text.plist.xml; path = Info.plist; sourceTree = "<group>"; };
		4F707B4A22FBE76D003A22B0 /* BJNewsTextToSpeechUITests.xctest */ = {isa = PBXFileReference; explicitFileType = wrapper.cfbundle; includeInIndex = 0; path = BJNewsTextToSpeechUITests.xctest; sourceTree = BUILT_PRODUCTS_DIR; };
		4F707B4E22FBE76D003A22B0 /* BJNewsTextToSpeechUITests.m */ = {isa = PBXFileReference; lastKnownFileType = sourcecode.c.objc; path = BJNewsTextToSpeechUITests.m; sourceTree = "<group>"; };
		4F707B5022FBE76D003A22B0 /* Info.plist */ = {isa = PBXFileReference; lastKnownFileType = text.plist.xml; path = Info.plist; sourceTree = "<group>"; };
		4F707B5D22FBE792003A22B0 /* JD_Speech.framework */ = {isa = PBXFileReference; lastKnownFileType = wrapper.framework; path = JD_Speech.framework; sourceTree = "<group>"; };
/* End PBXFileReference section */

/* Begin PBXFrameworksBuildPhase section */
		4F707B2422FBE76C003A22B0 /* Frameworks */ = {
			isa = PBXFrameworksBuildPhase;
			buildActionMask = 2147483647;
			files = (
				4F707B5E22FBE792003A22B0 /* JD_Speech.framework in Frameworks */,
			);
			runOnlyForDeploymentPostprocessing = 0;
		};
		4F707B3C22FBE76D003A22B0 /* Frameworks */ = {
			isa = PBXFrameworksBuildPhase;
			buildActionMask = 2147483647;
			files = (
			);
			runOnlyForDeploymentPostprocessing = 0;
		};
		4F707B4722FBE76D003A22B0 /* Frameworks */ = {
			isa = PBXFrameworksBuildPhase;
			buildActionMask = 2147483647;
			files = (
			);
			runOnlyForDeploymentPostprocessing = 0;
		};
/* End PBXFrameworksBuildPhase section */

/* Begin PBXGroup section */
		4F707B1E22FBE76C003A22B0 = {
			isa = PBXGroup;
			children = (
				4F707B2922FBE76C003A22B0 /* BJNewsTextToSpeech */,
				4F707B4222FBE76D003A22B0 /* BJNewsTextToSpeechTests */,
				4F707B4D22FBE76D003A22B0 /* BJNewsTextToSpeechUITests */,
				4F707B2822FBE76C003A22B0 /* Products */,
			);
			sourceTree = "<group>";
		};
		4F707B2822FBE76C003A22B0 /* Products */ = {
			isa = PBXGroup;
			children = (
				4F707B2722FBE76C003A22B0 /* BJNewsTextToSpeech.app */,
				4F707B3F22FBE76D003A22B0 /* BJNewsTextToSpeechTests.xctest */,
				4F707B4A22FBE76D003A22B0 /* BJNewsTextToSpeechUITests.xctest */,
			);
			name = Products;
			sourceTree = "<group>";
		};
		4F707B2922FBE76C003A22B0 /* BJNewsTextToSpeech */ = {
			isa = PBXGroup;
			children = (
				4F707B5C22FBE779003A22B0 /* BJNewsTextToSpeech */,
				4F707B2A22FBE76C003A22B0 /* AppDelegate.h */,
				4F707B2B22FBE76C003A22B0 /* AppDelegate.m */,
				4F707B2D22FBE76C003A22B0 /* ViewController.h */,
				4F707B2E22FBE76C003A22B0 /* ViewController.m */,
				4F707B3022FBE76C003A22B0 /* Main.storyboard */,
				4F707B3322FBE76D003A22B0 /* Assets.xcassets */,
				4F707B3522FBE76D003A22B0 /* LaunchScreen.storyboard */,
				4F707B3822FBE76D003A22B0 /* Info.plist */,
				4F707B3922FBE76D003A22B0 /* main.m */,
			);
			path = BJNewsTextToSpeech;
			sourceTree = "<group>";
		};
		4F707B4222FBE76D003A22B0 /* BJNewsTextToSpeechTests */ = {
			isa = PBXGroup;
			children = (
				4F707B4322FBE76D003A22B0 /* BJNewsTextToSpeechTests.m */,
				4F707B4522FBE76D003A22B0 /* Info.plist */,
			);
			path = BJNewsTextToSpeechTests;
			sourceTree = "<group>";
		};
		4F707B4D22FBE76D003A22B0 /* BJNewsTextToSpeechUITests */ = {
			isa = PBXGroup;
			children = (
				4F707B4E22FBE76D003A22B0 /* BJNewsTextToSpeechUITests.m */,
				4F707B5022FBE76D003A22B0 /* Info.plist */,
			);
			path = BJNewsTextToSpeechUITests;
			sourceTree = "<group>";
		};
		4F707B5C22FBE779003A22B0 /* BJNewsTextToSpeech */ = {
			isa = PBXGroup;
			children = (
				4F707B5D22FBE792003A22B0 /* JD_Speech.framework */,
			);
			path = BJNewsTextToSpeech;
			sourceTree = "<group>";
		};
/* End PBXGroup section */

/* Begin PBXNativeTarget section */
		4F707B2622FBE76C003A22B0 /* BJNewsTextToSpeech */ = {
			isa = PBXNativeTarget;
			buildConfigurationList = 4F707B5322FBE76D003A22B0 /* Build configuration list for PBXNativeTarget "BJNewsTextToSpeech" */;
			buildPhases = (
				4F707B2322FBE76C003A22B0 /* Sources */,
				4F707B2422FBE76C003A22B0 /* Frameworks */,
				4F707B2522FBE76C003A22B0 /* Resources */,
			);
			buildRules = (
			);
			dependencies = (
			);
			name = BJNewsTextToSpeech;
			productName = BJNewsTextToSpeech;
			productReference = 4F707B2722FBE76C003A22B0 /* BJNewsTextToSpeech.app */;
			productType = "com.apple.product-type.application";
		};
		4F707B3E22FBE76D003A22B0 /* BJNewsTextToSpeechTests */ = {
			isa = PBXNativeTarget;
			buildConfigurationList = 4F707B5622FBE76D003A22B0 /* Build configuration list for PBXNativeTarget "BJNewsTextToSpeechTests" */;
			buildPhases = (
				4F707B3B22FBE76D003A22B0 /* Sources */,
				4F707B3C22FBE76D003A22B0 /* Frameworks */,
				4F707B3D22FBE76D003A22B0 /* Resources */,
			);
			buildRules = (
			);
			dependencies = (
				4F707B4122FBE76D003A22B0 /* PBXTargetDependency */,
			);
			name = BJNewsTextToSpeechTests;
			productName = BJNewsTextToSpeechTests;
			productReference = 4F707B3F22FBE76D003A22B0 /* BJNewsTextToSpeechTests.xctest */;
			productType = "com.apple.product-type.bundle.unit-test";
		};
		4F707B4922FBE76D003A22B0 /* BJNewsTextToSpeechUITests */ = {
			isa = PBXNativeTarget;
			buildConfigurationList = 4F707B5922FBE76D003A22B0 /* Build configuration list for PBXNativeTarget "BJNewsTextToSpeechUITests" */;
			buildPhases = (
				4F707B4622FBE76D003A22B0 /* Sources */,
				4F707B4722FBE76D003A22B0 /* Frameworks */,
				4F707B4822FBE76D003A22B0 /* Resources */,
			);
			buildRules = (
			);
			dependencies = (
				4F707B4C22FBE76D003A22B0 /* PBXTargetDependency */,
			);
			name = BJNewsTextToSpeechUITests;
			productName = BJNewsTextToSpeechUITests;
			productReference = 4F707B4A22FBE76D003A22B0 /* BJNewsTextToSpeechUITests.xctest */;
			productType = "com.apple.product-type.bundle.ui-testing";
		};
/* End PBXNativeTarget section */

/* Begin PBXProject section */
		4F707B1F22FBE76C003A22B0 /* Project object */ = {
			isa = PBXProject;
			attributes = {
				LastUpgradeCheck = 1030;
				ORGANIZATIONNAME = "新京报社";
				TargetAttributes = {
					4F707B2622FBE76C003A22B0 = {
						CreatedOnToolsVersion = 10.3;
					};
					4F707B3E22FBE76D003A22B0 = {
						CreatedOnToolsVersion = 10.3;
						TestTargetID = 4F707B2622FBE76C003A22B0;
					};
					4F707B4922FBE76D003A22B0 = {
						CreatedOnToolsVersion = 10.3;
						TestTargetID = 4F707B2622FBE76C003A22B0;
					};
				};
			};
			buildConfigurationList = 4F707B2222FBE76C003A22B0 /* Build configuration list for PBXProject "BJNewsTextToSpeech" */;
			compatibilityVersion = "Xcode 9.3";
			developmentRegion = en;
			hasScannedForEncodings = 0;
			knownRegions = (
				en,
				Base,
			);
			mainGroup = 4F707B1E22FBE76C003A22B0;
			productRefGroup = 4F707B2822FBE76C003A22B0 /* Products */;
			projectDirPath = "";
			projectRoot = "";
			targets = (
				4F707B2622FBE76C003A22B0 /* BJNewsTextToSpeech */,
				4F707B3E22FBE76D003A22B0 /* BJNewsTextToSpeechTests */,
				4F707B4922FBE76D003A22B0 /* BJNewsTextToSpeechUITests */,
			);
		};
/* End PBXProject section */

/* Begin PBXResourcesBuildPhase section */
		4F707B2522FBE76C003A22B0 /* Resources */ = {
			isa = PBXResourcesBuildPhase;
			buildActionMask = 2147483647;
			files = (
				4F707B3722FBE76D003A22B0 /* LaunchScreen.storyboard in Resources */,
				4F707B3422FBE76D003A22B0 /* Assets.xcassets in Resources */,
				4F707B3222FBE76C003A22B0 /* Main.storyboard in Resources */,
			);
			runOnlyForDeploymentPostprocessing = 0;
		};
		4F707B3D22FBE76D003A22B0 /* Resources */ = {
			isa = PBXResourcesBuildPhase;
			buildActionMask = 2147483647;
			files = (
			);
			runOnlyForDeploymentPostprocessing = 0;
		};
		4F707B4822FBE76D003A22B0 /* Resources */ = {
			isa = PBXResourcesBuildPhase;
			buildActionMask = 2147483647;
			files = (
			);
			runOnlyForDeploymentPostprocessing = 0;
		};
/* End PBXResourcesBuildPhase section */

/* Begin PBXSourcesBuildPhase section */
		4F707B2322FBE76C003A22B0 /* Sources */ = {
			isa = PBXSourcesBuildPhase;
			buildActionMask = 2147483647;
			files = (
				4F707B2F22FBE76C003A22B0 /* ViewController.m in Sources */,
				4F707B3A22FBE76D003A22B0 /* main.m in Sources */,
				4F707B2C22FBE76C003A22B0 /* AppDelegate.m in Sources */,
			);
			runOnlyForDeploymentPostprocessing = 0;
		};
		4F707B3B22FBE76D003A22B0 /* Sources */ = {
			isa = PBXSourcesBuildPhase;
			buildActionMask = 2147483647;
			files = (
				4F707B4422FBE76D003A22B0 /* BJNewsTextToSpeechTests.m in Sources */,
			);
			runOnlyForDeploymentPostprocessing = 0;
		};
		4F707B4622FBE76D003A22B0 /* Sources */ = {
			isa = PBXSourcesBuildPhase;
			buildActionMask = 2147483647;
			files = (
				4F707B4F22FBE76D003A22B0 /* BJNewsTextToSpeechUITests.m in Sources */,
			);
			runOnlyForDeploymentPostprocessing = 0;
		};
/* End PBXSourcesBuildPhase section */

/* Begin PBXTargetDependency section */
		4F707B4122FBE76D003A22B0 /* PBXTargetDependency */ = {
			isa = PBXTargetDependency;
			target = 4F707B2622FBE76C003A22B0 /* BJNewsTextToSpeech */;
			targetProxy = 4F707B4022FBE76D003A22B0 /* PBXContainerItemProxy */;
		};
		4F707B4C22FBE76D003A22B0 /* PBXTargetDependency */ = {
			isa = PBXTargetDependency;
			target = 4F707B2622FBE76C003A22B0 /* BJNewsTextToSpeech */;
			targetProxy = 4F707B4B22FBE76D003A22B0 /* PBXContainerItemProxy */;
		};
/* End PBXTargetDependency section */

/* Begin PBXVariantGroup section */
		4F707B3022FBE76C003A22B0 /* Main.storyboard */ = {
			isa = PBXVariantGroup;
			children = (
				4F707B3122FBE76C003A22B0 /* Base */,
			);
			name = Main.storyboard;
			sourceTree = "<group>";
		};
		4F707B3522FBE76D003A22B0 /* LaunchScreen.storyboard */ = {
			isa = PBXVariantGroup;
			children = (
				4F707B3622FBE76D003A22B0 /* Base */,
			);
			name = LaunchScreen.storyboard;
			sourceTree = "<group>";
		};
/* End PBXVariantGroup section */

/* Begin XCBuildConfiguration section */
		4F707B5122FBE76D003A22B0 /* Debug */ = {
			isa = XCBuildConfiguration;
			buildSettings = {
				ALWAYS_SEARCH_USER_PATHS = NO;
				CLANG_ANALYZER_NONNULL = YES;
				CLANG_ANALYZER_NUMBER_OBJECT_CONVERSION = YES_AGGRESSIVE;
				CLANG_CXX_LANGUAGE_STANDARD = "gnu++14";
				CLANG_CXX_LIBRARY = "libc++";
				CLANG_ENABLE_MODULES = YES;
				CLANG_ENABLE_OBJC_ARC = YES;
				CLANG_ENABLE_OBJC_WEAK = YES;
				CLANG_WARN_BLOCK_CAPTURE_AUTORELEASING = YES;
				CLANG_WARN_BOOL_CONVERSION = YES;
				CLANG_WARN_COMMA = YES;
				CLANG_WARN_CONSTANT_CONVERSION = YES;
				CLANG_WARN_DEPRECATED_OBJC_IMPLEMENTATIONS = YES;
				CLANG_WARN_DIRECT_OBJC_ISA_USAGE = YES_ERROR;
				CLANG_WARN_DOCUMENTATION_COMMENTS = YES;
				CLANG_WARN_EMPTY_BODY = YES;
				CLANG_WARN_ENUM_CONVERSION = YES;
				CLANG_WARN_INFINITE_RECURSION = YES;
				CLANG_WARN_INT_CONVERSION = YES;
				CLANG_WARN_NON_LITERAL_NULL_CONVERSION = YES;
				CLANG_WARN_OBJC_IMPLICIT_RETAIN_SELF = YES;
				CLANG_WARN_OBJC_LITERAL_CONVERSION = YES;
				CLANG_WARN_OBJC_ROOT_CLASS = YES_ERROR;
				CLANG_WARN_RANGE_LOOP_ANALYSIS = YES;
				CLANG_WARN_STRICT_PROTOTYPES = YES;
				CLANG_WARN_SUSPICIOUS_MOVE = YES;
				CLANG_WARN_UNGUARDED_AVAILABILITY = YES_AGGRESSIVE;
				CLANG_WARN_UNREACHABLE_CODE = YES;
				CLANG_WARN__DUPLICATE_METHOD_MATCH = YES;
				CODE_SIGN_IDENTITY = "iPhone Developer";
				COPY_PHASE_STRIP = NO;
				DEBUG_INFORMATION_FORMAT = dwarf;
				ENABLE_STRICT_OBJC_MSGSEND = YES;
				ENABLE_TESTABILITY = YES;
				GCC_C_LANGUAGE_STANDARD = gnu11;
				GCC_DYNAMIC_NO_PIC = NO;
				GCC_NO_COMMON_BLOCKS = YES;
				GCC_OPTIMIZATION_LEVEL = 0;
				GCC_PREPROCESSOR_DEFINITIONS = (
					"DEBUG=1",
					"$(inherited)",
				);
				GCC_WARN_64_TO_32_BIT_CONVERSION = YES;
				GCC_WARN_ABOUT_RETURN_TYPE = YES_ERROR;
				GCC_WARN_UNDECLARED_SELECTOR = YES;
				GCC_WARN_UNINITIALIZED_AUTOS = YES_AGGRESSIVE;
				GCC_WARN_UNUSED_FUNCTION = YES;
				GCC_WARN_UNUSED_VARIABLE = YES;
				IPHONEOS_DEPLOYMENT_TARGET = 12.4;
				MTL_ENABLE_DEBUG_INFO = INCLUDE_SOURCE;
				MTL_FAST_MATH = YES;
				ONLY_ACTIVE_ARCH = YES;
				SDKROOT = iphoneos;
			};
			name = Debug;
		};
		4F707B5222FBE76D003A22B0 /* Release */ = {
			isa = XCBuildConfiguration;
			buildSettings = {
				ALWAYS_SEARCH_USER_PATHS = NO;
				CLANG_ANALYZER_NONNULL = YES;
				CLANG_ANALYZER_NUMBER_OBJECT_CONVERSION = YES_AGGRESSIVE;
				CLANG_CXX_LANGUAGE_STANDARD = "gnu++14";
				CLANG_CXX_LIBRARY = "libc++";
				CLANG_ENABLE_MODULES = YES;
				CLANG_ENABLE_OBJC_ARC = YES;
				CLANG_ENABLE_OBJC_WEAK = YES;
				CLANG_WARN_BLOCK_CAPTURE_AUTORELEASING = YES;
				CLANG_WARN_BOOL_CONVERSION = YES;
				CLANG_WARN_COMMA = YES;
				CLANG_WARN_CONSTANT_CONVERSION = YES;
				CLANG_WARN_DEPRECATED_OBJC_IMPLEMENTATIONS = YES;
				CLANG_WARN_DIRECT_OBJC_ISA_USAGE = YES_ERROR;
				CLANG_WARN_DOCUMENTATION_COMMENTS = YES;
				CLANG_WARN_EMPTY_BODY = YES;
				CLANG_WARN_ENUM_CONVERSION = YES;
				CLANG_WARN_INFINITE_RECURSION = YES;
				CLANG_WARN_INT_CONVERSION = YES;
				CLANG_WARN_NON_LITERAL_NULL_CONVERSION = YES;
				CLANG_WARN_OBJC_IMPLICIT_RETAIN_SELF = YES;
				CLANG_WARN_OBJC_LITERAL_CONVERSION = YES;
				CLANG_WARN_OBJC_ROOT_CLASS = YES_ERROR;
				CLANG_WARN_RANGE_LOOP_ANALYSIS = YES;
				CLANG_WARN_STRICT_PROTOTYPES = YES;
				CLANG_WARN_SUSPICIOUS_MOVE = YES;
				CLANG_WARN_UNGUARDED_AVAILABILITY = YES_AGGRESSIVE;
				CLANG_WARN_UNREACHABLE_CODE = YES;
				CLANG_WARN__DUPLICATE_METHOD_MATCH = YES;
				CODE_SIGN_IDENTITY = "iPhone Developer";
				COPY_PHASE_STRIP = NO;
				DEBUG_INFORMATION_FORMAT = "dwarf-with-dsym";
				ENABLE_NS_ASSERTIONS = NO;
				ENABLE_STRICT_OBJC_MSGSEND = YES;
				GCC_C_LANGUAGE_STANDARD = gnu11;
				GCC_NO_COMMON_BLOCKS = YES;
				GCC_WARN_64_TO_32_BIT_CONVERSION = YES;
				GCC_WARN_ABOUT_RETURN_TYPE = YES_ERROR;
				GCC_WARN_UNDECLARED_SELECTOR = YES;
				GCC_WARN_UNINITIALIZED_AUTOS = YES_AGGRESSIVE;
				GCC_WARN_UNUSED_FUNCTION = YES;
				GCC_WARN_UNUSED_VARIABLE = YES;
				IPHONEOS_DEPLOYMENT_TARGET = 12.4;
				MTL_ENABLE_DEBUG_INFO = NO;
				MTL_FAST_MATH = YES;
				SDKROOT = iphoneos;
				VALIDATE_PRODUCT = YES;
			};
			name = Release;
		};
		4F707B5422FBE76D003A22B0 /* Debug */ = {
			isa = XCBuildConfiguration;
			buildSettings = {
				ASSETCATALOG_COMPILER_APPICON_NAME = AppIcon;
				CODE_SIGN_STYLE = Automatic;
				DEVELOPMENT_TEAM = 42LRDW5LP3;
				FRAMEWORK_SEARCH_PATHS = (
					"$(inherited)",
					"$(PROJECT_DIR)/BJNewsTextToSpeech/BJNewsTextToSpeech",
				);
				INFOPLIST_FILE = BJNewsTextToSpeech/Info.plist;
				IPHONEOS_DEPLOYMENT_TARGET = 10.0;
				LD_RUNPATH_SEARCH_PATHS = (
					"$(inherited)",
					"@executable_path/Frameworks",
				);
				PRODUCT_BUNDLE_IDENTIFIER = cn.com.bjnews.BJNewsTextToSpeech;
				PRODUCT_NAME = "$(TARGET_NAME)";
				TARGETED_DEVICE_FAMILY = "1,2";
			};
			name = Debug;
		};
		4F707B5522FBE76D003A22B0 /* Release */ = {
			isa = XCBuildConfiguration;
			buildSettings = {
				ASSETCATALOG_COMPILER_APPICON_NAME = AppIcon;
				CODE_SIGN_STYLE = Automatic;
				DEVELOPMENT_TEAM = 42LRDW5LP3;
				FRAMEWORK_SEARCH_PATHS = (
					"$(inherited)",
					"$(PROJECT_DIR)/BJNewsTextToSpeech/BJNewsTextToSpeech",
				);
				INFOPLIST_FILE = BJNewsTextToSpeech/Info.plist;
				IPHONEOS_DEPLOYMENT_TARGET = 10.0;
				LD_RUNPATH_SEARCH_PATHS = (
					"$(inherited)",
					"@executable_path/Frameworks",
				);
				PRODUCT_BUNDLE_IDENTIFIER = cn.com.bjnews.BJNewsTextToSpeech;
				PRODUCT_NAME = "$(TARGET_NAME)";
				TARGETED_DEVICE_FAMILY = "1,2";
			};
			name = Release;
		};
		4F707B5722FBE76D003A22B0 /* Debug */ = {
			isa = XCBuildConfiguration;
			buildSettings = {
				BUNDLE_LOADER = "$(TEST_HOST)";
				CODE_SIGN_STYLE = Automatic;
				DEVELOPMENT_TEAM = 42LRDW5LP3;
				INFOPLIST_FILE = BJNewsTextToSpeechTests/Info.plist;
				LD_RUNPATH_SEARCH_PATHS = (
					"$(inherited)",
					"@executable_path/Frameworks",
					"@loader_path/Frameworks",
				);
				PRODUCT_BUNDLE_IDENTIFIER = cn.com.bjnews.BJNewsTextToSpeechTests;
				PRODUCT_NAME = "$(TARGET_NAME)";
				TARGETED_DEVICE_FAMILY = "1,2";
				TEST_HOST = "$(BUILT_PRODUCTS_DIR)/BJNewsTextToSpeech.app/BJNewsTextToSpeech";
			};
			name = Debug;
		};
		4F707B5822FBE76D003A22B0 /* Release */ = {
			isa = XCBuildConfiguration;
			buildSettings = {
				BUNDLE_LOADER = "$(TEST_HOST)";
				CODE_SIGN_STYLE = Automatic;
				DEVELOPMENT_TEAM = 42LRDW5LP3;
				INFOPLIST_FILE = BJNewsTextToSpeechTests/Info.plist;
				LD_RUNPATH_SEARCH_PATHS = (
					"$(inherited)",
					"@executable_path/Frameworks",
					"@loader_path/Frameworks",
				);
				PRODUCT_BUNDLE_IDENTIFIER = cn.com.bjnews.BJNewsTextToSpeechTests;
				PRODUCT_NAME = "$(TARGET_NAME)";
				TARGETED_DEVICE_FAMILY = "1,2";
				TEST_HOST = "$(BUILT_PRODUCTS_DIR)/BJNewsTextToSpeech.app/BJNewsTextToSpeech";
			};
			name = Release;
		};
		4F707B5A22FBE76D003A22B0 /* Debug */ = {
			isa = XCBuildConfiguration;
			buildSettings = {
				CODE_SIGN_STYLE = Automatic;
				DEVELOPMENT_TEAM = 42LRDW5LP3;
				INFOPLIST_FILE = BJNewsTextToSpeechUITests/Info.plist;
				LD_RUNPATH_SEARCH_PATHS = (
					"$(inherited)",
					"@executable_path/Frameworks",
					"@loader_path/Frameworks",
				);
				PRODUCT_BUNDLE_IDENTIFIER = cn.com.bjnews.BJNewsTextToSpeechUITests;
				PRODUCT_NAME = "$(TARGET_NAME)";
				TARGETED_DEVICE_FAMILY = "1,2";
				TEST_TARGET_NAME = BJNewsTextToSpeech;
			};
			name = Debug;
		};
		4F707B5B22FBE76D003A22B0 /* Release */ = {
			isa = XCBuildConfiguration;
			buildSettings = {
				CODE_SIGN_STYLE = Automatic;
				DEVELOPMENT_TEAM = 42LRDW5LP3;
				INFOPLIST_FILE = BJNewsTextToSpeechUITests/Info.plist;
				LD_RUNPATH_SEARCH_PATHS = (
					"$(inherited)",
					"@executable_path/Frameworks",
					"@loader_path/Frameworks",
				);
				PRODUCT_BUNDLE_IDENTIFIER = cn.com.bjnews.BJNewsTextToSpeechUITests;
				PRODUCT_NAME = "$(TARGET_NAME)";
				TARGETED_DEVICE_FAMILY = "1,2";
				TEST_TARGET_NAME = BJNewsTextToSpeech;
			};
			name = Release;
		};
/* End XCBuildConfiguration section */

/* Begin XCConfigurationList section */
		4F707B2222FBE76C003A22B0 /* Build configuration list for PBXProject "BJNewsTextToSpeech" */ = {
			isa = XCConfigurationList;
			buildConfigurations = (
				4F707B5122FBE76D003A22B0 /* Debug */,
				4F707B5222FBE76D003A22B0 /* Release */,
			);
			defaultConfigurationIsVisible = 0;
			defaultConfigurationName = Release;
		};
		4F707B5322FBE76D003A22B0 /* Build configuration list for PBXNativeTarget "BJNewsTextToSpeech" */ = {
			isa = XCConfigurationList;
			buildConfigurations = (
				4F707B5422FBE76D003A22B0 /* Debug */,
				4F707B5522FBE76D003A22B0 /* Release */,
			);
			defaultConfigurationIsVisible = 0;
			defaultConfigurationName = Release;
		};
		4F707B5622FBE76D003A22B0 /* Build configuration list for PBXNativeTarget "BJNewsTextToSpeechTests" */ = {
			isa = XCConfigurationList;
			buildConfigurations = (
				4F707B5722FBE76D003A22B0 /* Debug */,
				4F707B5822FBE76D003A22B0 /* Release */,
			);
			defaultConfigurationIsVisible = 0;
			defaultConfigurationName = Release;
		};
		4F707B5922FBE76D003A22B0 /* Build configuration list for PBXNativeTarget "BJNewsTextToSpeechUITests" */ = {
			isa = XCConfigurationList;
			buildConfigurations = (
				4F707B5A22FBE76D003A22B0 /* Debug */,
				4F707B5B22FBE76D003A22B0 /* Release */,
			);
			defaultConfigurationIsVisible = 0;
			defaultConfigurationName = Release;
		};
/* End XCConfigurationList section */
	};
	rootObject = 4F707B1F22FBE76C003A22B0 /* Project object */;
}
